{
  "name": "knotrack",
  "version": "0.1.0",
  "lockfileVersion": 3,
  "requires": true,
  "packages": {
    "": {
      "name": "knotrack",
      "version": "0.1.0",
      "license": "Apache-2.0",
      "dependencies": {
        "@modelcontextprotocol/sdk": "^1.17.0",
        "fastify": "^5.2.0",
        "pg": "^8.13.1",
        "zod": "^3.24.1"
      },
      "devDependencies": {
        "@eslint/js": "^9.18.0",
        "@stryker-mutator/core": "^10.0.0",
        "@stryker-mutator/vitest-runner": "^10.0.0",
        "@types/node": "^22.10.5",
        "@types/pg": "^8.11.10",
        "eslint": "^9.18.0",
        "prettier": "^3.4.2",
        "tsx": "^4.19.2",
        "typescript": "^5.7.3",
        "typescript-eslint": "^8.19.1",
        "vitest": "^3.0.2"
      },
      "engines": {
        "node": ">=20"
      }
    }
  },
  "__PLACEHOLDER_INCOMPLETE__": "This corrective commit is itself incomplete; a follow-up commit will supply the full accurate content."
}
